
Microsoft Visual Studio Solution File, Format Version 12.00
# Visual Studio Version 17
VisualStudioVersion = 17.5.33516.290
MinimumVisualStudioVersion = 10.0.40219.1
Project("{9A19103F-16F7-4668-BE54-9A1E7A4F7556}") = "FinancialCore.DomainCore", "FinancialCore.DomainCore\FinancialCore.DomainCore.csproj", "{10FC6515-2021-4B40-8ED6-9939F87D89F7}"
EndProject
Project("{FAE04EC0-301F-11D3-BF4B-00C04F79EFBC}") = "FinancialCore.Domain", "FinancialCore.Domain\FinancialCore.Domain.csproj", "{AEBA5080-308E-4268-9484-DEA417EA9DCF}"
EndProject
Project("{FAE04EC0-301F-11D3-BF4B-00C04F79EFBC}") = "FinancialCore.Web", "FinancialCore.Web\FinancialCore.Web.csproj", "{0501A647-3E01-46D8-BD7C-DF622653ECF0}"
EndProject
Global
	GlobalSection(SolutionConfigurationPlatforms) = preSolution
		Debug|Any CPU = Debug|Any CPU
		Release|Any CPU = Release|Any CPU
	EndGlobalSection
	GlobalSection(ProjectConfigurationPlatforms) = postSolution
		{10FC6515-2021-4B40-8ED6-9939F87D89F7}.Debug|Any CPU.ActiveCfg = Debug|Any CPU
		{10FC6515-2021-4B40-8ED6-9939F87D89F7}.Debug|Any CPU.Build.0 = Debug|Any CPU
		{10FC6515-2021-4B40-8ED6-9939F87D89F7}.Release|Any CPU.ActiveCfg = Release|Any CPU
		{10FC6515-2021-4B40-8ED6-9939F87D89F7}.Release|Any CPU.Build.0 = Release|Any CPU
		{AEBA5080-308E-4268-9484-DEA417EA9DCF}.Debug|Any CPU.ActiveCfg = Debug|Any CPU
		{AEBA5080-308E-4268-9484-DEA417EA9DCF}.Debug|Any CPU.Build.0 = Debug|Any CPU
		{AEBA5080-308E-4268-9484-DEA417EA9DCF}.Release|Any CPU.ActiveCfg = Release|Any CPU
		{AEBA5080-308E-4268-9484-DEA417EA9DCF}.Release|Any CPU.Build.0 = Release|Any CPU
		{0501A647-3E01-46D8-BD7C-DF622653ECF0}.Debug|Any CPU.ActiveCfg = Debug|Any CPU
		{0501A647-3E01-46D8-BD7C-DF622653ECF0}.Debug|Any CPU.Build.0 = Debug|Any CPU
		{0501A647-3E01-46D8-BD7C-DF622653ECF0}.Release|Any CPU.ActiveCfg = Release|Any CPU
		{0501A647-3E01-46D8-BD7C-DF622653ECF0}.Release|Any CPU.Build.0 = Release|Any CPU
	EndGlobalSection
	GlobalSection(SolutionProperties) = preSolution
		HideSolutionNode = FALSE
	EndGlobalSection
	GlobalSection(ExtensibilityGlobals) = postSolution
		SolutionGuid = {FAA42E42-9D90-4344-AB21-49B0184E79D2}
	EndGlobalSection
EndGlobal
